// !$*UTF8*$!
{
	archiveVersion = 1;
	classes = {
	};
	objectVersion = 46;
	objects = {

/* Begin PBXBuildFile section */
		B0FAFC001D52371100D33132 /* AppDelegate.swift in Sources */ = {isa = PBXBuildFile; fileRef = B0FAFBFF1D52371100D33132 /* AppDelegate.swift */; };
		B0FAFC021D52371100D33132 /* ViewController.swift in Sources */ = {isa = PBXBuildFile; fileRef = B0FAFC011D52371100D33132 /* ViewController.swift */; };
		B0FAFC051D52371100D33132 /* Main.storyboard in Resources */ = {isa = PBXBuildFile; fileRef = B0FAFC031D52371100D33132 /* Main.storyboard */; };
		B0FAFC071D52371100D33132 /* Assets.xcassets in Resources */ = {isa = PBXBuildFile; fileRef = B0FAFC061D52371100D33132 /* Assets.xcassets */; };
		B0FAFC0A1D52371100D33132 /* LaunchScreen.storyboard in Resources */ = {isa = PBXBuildFile; fileRef = B0FAFC081D52371100D33132 /* LaunchScreen.storyboard */; };
		B0FAFC151D52376400D33132 /* confirm_sdk.framework in Frameworks */ = {isa = PBXBuildFile; fileRef = B0FAFC131D52376400D33132 /* confirm_sdk.framework */; };
		B0FAFC171D52377100D33132 /* AFNetworking.framework in Embed Frameworks */ = {isa = PBXBuildFile; fileRef = B0FAFC121D52376400D33132 /* AFNetworking.framework */; settings = {ATTRIBUTES = (CodeSignOnCopy, RemoveHeadersOnCopy, ); }; };
		B0FAFC191D52377100D33132 /* confirm_sdk.framework in Embed Frameworks */ = {isa = PBXBuildFile; fileRef = B0FAFC131D52376400D33132 /* confirm_sdk.framework */; settings = {ATTRIBUTES = (CodeSignOnCopy, RemoveHeadersOnCopy, ); }; };
		B0FAFC211D524FCD00D33132 /* MTCardDetect.framework in Embed Frameworks */ = {isa = PBXBuildFile; fileRef = B0FAFC1C1D524FC200D33132 /* MTCardDetect.framework */; settings = {ATTRIBUTES = (CodeSignOnCopy, RemoveHeadersOnCopy, ); }; };
		B0FAFC271D524FCD00D33132 /* MTImage.framework in Embed Frameworks */ = {isa = PBXBuildFile; fileRef = B0FAFC1F1D524FC200D33132 /* MTImage.framework */; settings = {ATTRIBUTES = (CodeSignOnCopy, RemoveHeadersOnCopy, ); }; };
		B0FAFC2D1D528B6100D33132 /* MTIdentixProxyService.framework in Embed Frameworks */ = {isa = PBXBuildFile; fileRef = B0FAFC2A1D528B5300D33132 /* MTIdentixProxyService.framework */; settings = {ATTRIBUTES = (CodeSignOnCopy, RemoveHeadersOnCopy, ); }; };
/* End PBXBuildFile section */

/* Begin PBXCopyFilesBuildPhase section */
		B0FAFC1A1D52377100D33132 /* Embed Frameworks */ = {
			isa = PBXCopyFilesBuildPhase;
			buildActionMask = 2147483647;
			dstPath = "";
			dstSubfolderSpec = 10;
			files = (
				B0FAFC191D52377100D33132 /* confirm_sdk.framework in Embed Frameworks */,
				B0FAFC211D524FCD00D33132 /* MTCardDetect.framework in Embed Frameworks */,
				B0FAFC2D1D528B6100D33132 /* MTIdentixProxyService.framework in Embed Frameworks */,
				B0FAFC171D52377100D33132 /* AFNetworking.framework in Embed Frameworks */,
				B0FAFC271D524FCD00D33132 /* MTImage.framework in Embed Frameworks */,
			);
			name = "Embed Frameworks";
			runOnlyForDeploymentPostprocessing = 0;
		};
/* End PBXCopyFilesBuildPhase section */

/* Begin PBXFileReference section */
		B07287941D8A130F00FD6317 /* SwiftSample-Bridging-Header.h */ = {isa = PBXFileReference; lastKnownFileType = sourcecode.c.h; path = "SwiftSample-Bridging-Header.h"; sourceTree = "<group>"; };
		B0FAFBFC1D52371100D33132 /* SwiftSample.app */ = {isa = PBXFileReference; explicitFileType = wrapper.application; includeInIndex = 0; path = SwiftSample.app; sourceTree = BUILT_PRODUCTS_DIR; };
		B0FAFBFF1D52371100D33132 /* AppDelegate.swift */ = {isa = PBXFileReference; lastKnownFileType = sourcecode.swift; path = AppDelegate.swift; sourceTree = "<group>"; };
		B0FAFC011D52371100D33132 /* ViewController.swift */ = {isa = PBXFileReference; lastKnownFileType = sourcecode.swift; path = ViewController.swift; sourceTree = "<group>"; };
		B0FAFC041D52371100D33132 /* Base */ = {isa = PBXFileReference; lastKnownFileType = file.storyboard; name = Base; path = Base.lproj/Main.storyboard; sourceTree = "<group>"; };
		B0FAFC061D52371100D33132 /* Assets.xcassets */ = {isa = PBXFileReference; lastKnownFileType = folder.assetcatalog; path = Assets.xcassets; sourceTree = "<group>"; };
		B0FAFC091D52371100D33132 /* Base */ = {isa = PBXFileReference; lastKnownFileType = file.storyboard; name = Base; path = Base.lproj/LaunchScreen.storyboard; sourceTree = "<group>"; };
		B0FAFC0B1D52371100D33132 /* Info.plist */ = {isa = PBXFileReference; lastKnownFileType = text.plist.xml; path = Info.plist; sourceTree = "<group>"; };
		B0FAFC121D52376400D33132 /* AFNetworking.framework */ = {isa = PBXFileReference; lastKnownFileType = wrapper.framework; name = AFNetworking.framework; path = "../Confirm.io SDK/AFNetworking.framework"; sourceTree = "<group>"; };
		B0FAFC131D52376400D33132 /* confirm_sdk.framework */ = {isa = PBXFileReference; lastKnownFileType = wrapper.framework; name = confirm_sdk.framework; path = "../Confirm.io SDK/confirm_sdk.framework"; sourceTree = "<group>"; };
		B0FAFC1C1D524FC200D33132 /* MTCardDetect.framework */ = {isa = PBXFileReference; lastKnownFileType = wrapper.framework; name = MTCardDetect.framework; path = "../Confirm.io SDK/MTCardDetect.framework"; sourceTree = "<group>"; };
		B0FAFC1F1D524FC200D33132 /* MTImage.framework */ = {isa = PBXFileReference; lastKnownFileType = wrapper.framework; name = MTImage.framework; path = "../Confirm.io SDK/MTImage.framework"; sourceTree = "<group>"; };
		B0FAFC2A1D528B5300D33132 /* MTIdentixProxyService.framework */ = {isa = PBXFileReference; lastKnownFileType = wrapper.framework; name = MTIdentixProxyService.framework; path = "../Confirm.io SDK/MTIdentixProxyService.framework"; sourceTree = "<group>"; };
/* End PBXFileReference section */

/* Begin PBXFrameworksBuildPhase section */
		B0FAFBF91D52371100D33132 /* Frameworks */ = {
			isa = PBXFrameworksBuildPhase;
			buildActionMask = 2147483647;
			files = (
				B0FAFC151D52376400D33132 /* confirm_sdk.framework in Frameworks */,
			);
			runOnlyForDeploymentPostprocessing = 0;
		};
/* End PBXFrameworksBuildPhase section */

/* Begin PBXGroup section */
		B0FAFBF31D52371100D33132 = {
			isa = PBXGroup;
			children = (
				B0FAFC111D52374900D33132 /* Frameworks */,
				B0FAFBFE1D52371100D33132 /* SwiftSample */,
				B0FAFBFD1D52371100D33132 /* Products */,
			);
			sourceTree = "<group>";
		};
		B0FAFBFD1D52371100D33132 /* Products */ = {
			isa = PBXGroup;
			children = (
				B0FAFBFC1D52371100D33132 /* SwiftSample.app */,
			);
			name = Products;
			sourceTree = "<group>";
		};
		B0FAFBFE1D52371100D33132 /* SwiftSample */ = {
			isa = PBXGroup;
			children = (
				B0FAFBFF1D52371100D33132 /* AppDelegate.swift */,
				B0FAFC011D52371100D33132 /* ViewController.swift */,
				B0FAFC031D52371100D33132 /* Main.storyboard */,
				B0FAFC061D52371100D33132 /* Assets.xcassets */,
				B0FAFC081D52371100D33132 /* LaunchScreen.storyboard */,
				B0FAFC0B1D52371100D33132 /* Info.plist */,
				B07287941D8A130F00FD6317 /* SwiftSample-Bridging-Header.h */,
			);
			path = SwiftSample;
			sourceTree = "<group>";
		};
		B0FAFC111D52374900D33132 /* Frameworks */ = {
			isa = PBXGroup;
			children = (
				B0FAFC2A1D528B5300D33132 /* MTIdentixProxyService.framework */,
				B0FAFC1C1D524FC200D33132 /* MTCardDetect.framework */,
				B0FAFC1F1D524FC200D33132 /* MTImage.framework */,
				B0FAFC121D52376400D33132 /* AFNetworking.framework */,
				B0FAFC131D52376400D33132 /* confirm_sdk.framework */,
			);
			name = Frameworks;
			sourceTree = "<group>";
		};
/* End PBXGroup section */

/* Begin PBXNativeTarget section */
		B0FAFBFB1D52371100D33132 /* SwiftSample */ = {
			isa = PBXNativeTarget;
			buildConfigurationList = B0FAFC0E1D52371100D33132 /* Build configuration list for PBXNativeTarget "SwiftSample" */;
			buildPhases = (
				B0FAFBF81D52371100D33132 /* Sources */,
				B0FAFBF91D52371100D33132 /* Frameworks */,
				B0FAFBFA1D52371100D33132 /* Resources */,
				B0FAFC1A1D52377100D33132 /* Embed Frameworks */,
			);
			buildRules = (
			);
			dependencies = (
			);
			name = SwiftSample;
			productName = SwiftSample;
			productReference = B0FAFBFC1D52371100D33132 /* SwiftSample.app */;
			productType = "com.apple.product-type.application";
		};
/* End PBXNativeTarget section */

/* Begin PBXProject section */
		B0FAFBF41D52371100D33132 /* Project object */ = {
			isa = PBXProject;
			attributes = {
				LastSwiftUpdateCheck = 0730;
				LastUpgradeCheck = 0730;
				ORGANIZATIONNAME = confirm.io;
				TargetAttributes = {
					B0FAFBFB1D52371100D33132 = {
						CreatedOnToolsVersion = 7.3.1;
						DevelopmentTeam = BK5D254QH8;
						LastSwiftMigration = 0800;
					};
				};
			};
			buildConfigurationList = B0FAFBF71D52371100D33132 /* Build configuration list for PBXProject "SwiftSample" */;
			compatibilityVersion = "Xcode 3.2";
			developmentRegion = English;
			hasScannedForEncodings = 0;
			knownRegions = (
				en,
				Base,
			);
			mainGroup = B0FAFBF31D52371100D33132;
			productRefGroup = B0FAFBFD1D52371100D33132 /* Products */;
			projectDirPath = "";
			projectRoot = "";
			targets = (
				B0FAFBFB1D52371100D33132 /* SwiftSample */,
			);
		};
/* End PBXProject section */

/* Begin PBXResourcesBuildPhase section */
		B0FAFBFA1D52371100D33132 /* Resources */ = {
			isa = PBXResourcesBuildPhase;
			buildActionMask = 2147483647;
			files = (
				B0FAFC0A1D52371100D33132 /* LaunchScreen.storyboard in Resources */,
				B0FAFC071D52371100D33132 /* Assets.xcassets in Resources */,
				B0FAFC051D52371100D33132 /* Main.storyboard in Resources */,
			);
			runOnlyForDeploymentPostprocessing = 0;
		};
/* End PBXResourcesBuildPhase section */

/* Begin PBXSourcesBuildPhase section */
		B0FAFBF81D52371100D33132 /* Sources */ = {
			isa = PBXSourcesBuildPhase;
			buildActionMask = 2147483647;
			files = (
				B0FAFC021D52371100D33132 /* ViewController.swift in Sources */,
				B0FAFC001D52371100D33132 /* AppDelegate.swift in Sources */,
			);
			runOnlyForDeploymentPostprocessing = 0;
		};
/* End PBXSourcesBuildPhase section */

/* Begin PBXVariantGroup section */
		B0FAFC031D52371100D33132 /* Main.storyboard */ = {
			isa = PBXVariantGroup;
			children = (
				B0FAFC041D52371100D33132 /* Base */,
			);
			name = Main.storyboard;
			sourceTree = "<group>";
		};
		B0FAFC081D52371100D33132 /* LaunchScreen.storyboard */ = {
			isa = PBXVariantGroup;
			children = (
				B0FAFC091D52371100D33132 /* Base */,
			);
			name = LaunchScreen.storyboard;
			sourceTree = "<group>";
		};
/* End PBXVariantGroup section */

/* Begin XCBuildConfiguration section */
		B0FAFC0C1D52371100D33132 /* Debug */ = {
			isa = XCBuildConfiguration;
			buildSettings = {
				ALWAYS_SEARCH_USER_PATHS = NO;
				CLANG_ANALYZER_NONNULL = YES;
				CLANG_CXX_LANGUAGE_STANDARD = "gnu++0x";
				CLANG_CXX_LIBRARY = "libc++";
				CLANG_ENABLE_MODULES = YES;
				CLANG_ENABLE_OBJC_ARC = YES;
				CLANG_WARN_BOOL_CONVERSION = YES;
				CLANG_WARN_CONSTANT_CONVERSION = YES;
				CLANG_WARN_DIRECT_OBJC_ISA_USAGE = YES_ERROR;
				CLANG_WARN_EMPTY_BODY = YES;
				CLANG_WARN_ENUM_CONVERSION = YES;
				CLANG_WARN_INT_CONVERSION = YES;
				CLANG_WARN_OBJC_ROOT_CLASS = YES_ERROR;
				CLANG_WARN_UNREACHABLE_CODE = YES;
				CLANG_WARN__DUPLICATE_METHOD_MATCH = YES;
				"CODE_SIGN_IDENTITY[sdk=iphoneos*]" = "iPhone Developer";
				COPY_PHASE_STRIP = NO;
				DEBUG_INFORMATION_FORMAT = dwarf;
				ENABLE_STRICT_OBJC_MSGSEND = YES;
				ENABLE_TESTABILITY = YES;
				GCC_C_LANGUAGE_STANDARD = gnu99;
				GCC_DYNAMIC_NO_PIC = NO;
				GCC_NO_COMMON_BLOCKS = YES;
				GCC_OPTIMIZATION_LEVEL = 0;
				GCC_PREPROCESSOR_DEFINITIONS = (
					"DEBUG=1",
					"$(inherited)",
				);
				GCC_WARN_64_TO_32_BIT_CONVERSION = YES;
				GCC_WARN_ABOUT_RETURN_TYPE = YES_ERROR;
				GCC_WARN_UNDECLARED_SELECTOR = YES;
				GCC_WARN_UNINITIALIZED_AUTOS = YES_AGGRESSIVE;
				GCC_WARN_UNUSED_FUNCTION = YES;
				GCC_WARN_UNUSED_VARIABLE = YES;
				IPHONEOS_DEPLOYMENT_TARGET = 9.3;
				MTL_ENABLE_DEBUG_INFO = YES;
				ONLY_ACTIVE_ARCH = YES;
				SDKROOT = iphoneos;
				SWIFT_OPTIMIZATION_LEVEL = "-Onone";
				TARGETED_DEVICE_FAMILY = "1,2";
			};
			name = Debug;
		};
		B0FAFC0D1D52371100D33132 /* Release */ = {
			isa = XCBuildConfiguration;
			buildSettings = {
				ALWAYS_SEARCH_USER_PATHS = NO;
				CLANG_ANALYZER_NONNULL = YES;
				CLANG_CXX_LANGUAGE_STANDARD = "gnu++0x";
				CLANG_CXX_LIBRARY = "libc++";
				CLANG_ENABLE_MODULES = YES;
				CLANG_ENABLE_OBJC_ARC = YES;
				CLANG_WARN_BOOL_CONVERSION = YES;
				CLANG_WARN_CONSTANT_CONVERSION = YES;
				CLANG_WARN_DIRECT_OBJC_ISA_USAGE = YES_ERROR;
				CLANG_WARN_EMPTY_BODY = YES;
				CLANG_WARN_ENUM_CONVERSION = YES;
				CLANG_WARN_INT_CONVERSION = YES;
				CLANG_WARN_OBJC_ROOT_CLASS = YES_ERROR;
				CLANG_WARN_UNREACHABLE_CODE = YES;
				CLANG_WARN__DUPLICATE_METHOD_MATCH = YES;
				"CODE_SIGN_IDENTITY[sdk=iphoneos*]" = "iPhone Developer";
				COPY_PHASE_STRIP = NO;
				DEBUG_INFORMATION_FORMAT = "dwarf-with-dsym";
				ENABLE_NS_ASSERTIONS = NO;
				ENABLE_STRICT_OBJC_MSGSEND = YES;
				GCC_C_LANGUAGE_STANDARD = gnu99;
				GCC_NO_COMMON_BLOCKS = YES;
				GCC_WARN_64_TO_32_BIT_CONVERSION = YES;
				GCC_WARN_ABOUT_RETURN_TYPE = YES_ERROR;
				GCC_WARN_UNDECLARED_SELECTOR = YES;
				GCC_WARN_UNINITIALIZED_AUTOS = YES_AGGRESSIVE;
				GCC_WARN_UNUSED_FUNCTION = YES;
				GCC_WARN_UNUSED_VARIABLE = YES;
				IPHONEOS_DEPLOYMENT_TARGET = 9.3;
				MTL_ENABLE_DEBUG_INFO = NO;
				SDKROOT = iphoneos;
				TARGETED_DEVICE_FAMILY = "1,2";
				VALIDATE_PRODUCT = YES;
			};
			name = Release;
		};
		B0FAFC0F1D52371100D33132 /* Debug */ = {
			isa = XCBuildConfiguration;
			buildSettings = {
				ALWAYS_SEARCH_USER_PATHS = YES;
				ASSETCATALOG_COMPILER_APPICON_NAME = AppIcon;
				CLANG_ENABLE_MODULES = YES;
				DEVELOPMENT_TEAM = BK5D254QH8;
				ENABLE_BITCODE = NO;
				FRAMEWORK_SEARCH_PATHS = "$(SRCROOT)/../Confirm.io\\ SDK";
				INFOPLIST_FILE = SwiftSample/Info.plist;
				LD_RUNPATH_SEARCH_PATHS = "$(inherited) @executable_path/Frameworks";
				PRODUCT_BUNDLE_IDENTIFIER = io.confirm.SwiftSample;
				PRODUCT_NAME = "$(TARGET_NAME)";
				SWIFT_INCLUDE_PATHS = "$(SRCROOT)/../Confirm.io\\ SDK/**";
				SWIFT_OBJC_BRIDGING_HEADER = "SwiftSample/SwiftSample-Bridging-Header.h";
				SWIFT_OPTIMIZATION_LEVEL = "-Onone";
				SWIFT_VERSION = 3.0;
			};
			name = Debug;
		};
		B0FAFC101D52371100D33132 /* Release */ = {
			isa = XCBuildConfiguration;
			buildSettings = {
				ALWAYS_SEARCH_USER_PATHS = YES;
				ASSETCATALOG_COMPILER_APPICON_NAME = AppIcon;
				CLANG_ENABLE_MODULES = YES;
				DEVELOPMENT_TEAM = BK5D254QH8;
				ENABLE_BITCODE = NO;
				FRAMEWORK_SEARCH_PATHS = "$(SRCROOT)/../Confirm.io\\ SDK";
				INFOPLIST_FILE = SwiftSample/Info.plist;
				LD_RUNPATH_SEARCH_PATHS = "$(inherited) @executable_path/Frameworks";
				PRODUCT_BUNDLE_IDENTIFIER = io.confirm.SwiftSample;
				PRODUCT_NAME = "$(TARGET_NAME)";
				SWIFT_INCLUDE_PATHS = "$(SRCROOT)/../Confirm.io\\ SDK/**";
				SWIFT_OBJC_BRIDGING_HEADER = "SwiftSample/SwiftSample-Bridging-Header.h";
				SWIFT_VERSION = 3.0;
			};
			name = Release;
		};
/* End XCBuildConfiguration section */

/* Begin XCConfigurationList section */
		B0FAFBF71D52371100D33132 /* Build configuration list for PBXProject "SwiftSample" */ = {
			isa = XCConfigurationList;
			buildConfigurations = (
				B0FAFC0C1D52371100D33132 /* Debug */,
				B0FAFC0D1D52371100D33132 /* Release */,
			);
			defaultConfigurationIsVisible = 0;
			defaultConfigurationName = Release;
		};
		B0FAFC0E1D52371100D33132 /* Build configuration list for PBXNativeTarget "SwiftSample" */ = {
			isa = XCConfigurationList;
			buildConfigurations = (
				B0FAFC0F1D52371100D33132 /* Debug */,
				B0FAFC101D52371100D33132 /* Release */,
			);
			defaultConfigurationIsVisible = 0;
			defaultConfigurationName = Release;
		};
/* End XCConfigurationList section */
	};
	rootObject = B0FAFBF41D52371100D33132 /* Project object */;
}
